
Microsoft Visual Studio Solution File, Format Version 12.00
# Visual Studio Version 17
VisualStudioVersion = 17.1.32210.238
MinimumVisualStudioVersion = 10.0.40219.1
Project("{FAE04EC0-301F-11D3-BF4B-00C04F79EFBC}") = "PausePlanning", "PausePlanning.csproj", "{2E98C0A8-1B49-4084-A133-5F0D4D859404}"
EndProject
Project("{2150E333-8FDC-42A3-9474-1A3956D46DE8}") = "Solution Items", "Solution Items", "{3C44E6F3-82B3-4F18-964C-D4385F3B7298}"
EndProject
Global
	GlobalSection(SolutionConfigurationPlatforms) = preSolution
		Debug|Any CPU = Debug|Any CPU
		Release|Any CPU = Release|Any CPU
	EndGlobalSection
	GlobalSection(ProjectConfigurationPlatforms) = postSolution
		{2E98C0A8-1B49-4084-A133-5F0D4D859404}.Debug|Any CPU.ActiveCfg = Debug|Any CPU
		{2E98C0A8-1B49-4084-A133-5F0D4D859404}.Debug|Any CPU.Build.0 = Debug|Any CPU
		{2E98C0A8-1B49-4084-A133-5F0D4D859404}.Release|Any CPU.ActiveCfg = Release|Any CPU
		{2E98C0A8-1B49-4084-A133-5F0D4D859404}.Release|Any CPU.Build.0 = Release|Any CPU
	EndGlobalSection
	GlobalSection(SolutionProperties) = preSolution
		HideSolutionNode = FALSE
	EndGlobalSection
	GlobalSection(ExtensibilityGlobals) = postSolution
		SolutionGuid = {6588037B-A1CF-4900-8E8C-257F018FFD91}
	EndGlobalSection
EndGlobal
